<Solution>
  <Folder Name="/src/" />
  <Folder Name="/src/Core/" />
  <Folder Name="/src/Core/Application/">
    <Project Path="src/Core/Application/Tfs.Portfolio.Application.csproj" />
  </Folder>
  <Folder Name="/src/Core/Domain/">
    <Project Path="src/Core/Domain/Tfs.Portfolio.Domain.csproj" />
  </Folder>
  <Folder Name="/src/Infrastructure/" />
  <Folder Name="/src/Infrastructure/Persistence/">
    <Project Path="src/Infrastructure/Persistence/Tfs.Portfolio.Infrastructure.Persistence.csproj" />
  </Folder>
  <Folder Name="/src/Presentation/" />
  <Folder Name="/src/Presentation/WebAPI/">
    <Project Path="src/Presentation/WebAPI/Tfs.Portfolio.Api.csproj" />
  </Folder>
  <Folder Name="/test/" />
  <Folder Name="/test/IntegrationTests/">
    <Project Path="test/IntegrationTests/Tfs.Portfolio.IntegrationTests.csproj" />
  </Folder>
  <Folder Name="/test/UnitTests/">
    <Project Path="test/UnitTests/Tfs.Portfolio.UnitTests.csproj" />
  </Folder>
</Solution>
